
Microsoft Visual Studio Solution File, Format Version 12.00
Project("{FAE04EC0-301F-11D3-BF4B-00C04F79EFBC}") = "ConsoleApp4", "ConsoleApp4\ConsoleApp4.csproj", "{EC29FD29-3DD5-4F54-9DB8-C66D5FB9FD44}"
EndProject
Global
	GlobalSection(SolutionConfigurationPlatforms) = preSolution
		Debug|Any CPU = Debug|Any CPU
		Release|Any CPU = Release|Any CPU
	EndGlobalSection
	GlobalSection(ProjectConfigurationPlatforms) = postSolution
		{EC29FD29-3DD5-4F54-9DB8-C66D5FB9FD44}.Debug|Any CPU.ActiveCfg = Debug|Any CPU
		{EC29FD29-3DD5-4F54-9DB8-C66D5FB9FD44}.Debug|Any CPU.Build.0 = Debug|Any CPU
		{EC29FD29-3DD5-4F54-9DB8-C66D5FB9FD44}.Release|Any CPU.ActiveCfg = Release|Any CPU
		{EC29FD29-3DD5-4F54-9DB8-C66D5FB9FD44}.Release|Any CPU.Build.0 = Release|Any CPU
	EndGlobalSection
EndGlobal
